PODS:
  - AFNetworking (3.1.0):
    - AFNetworking/NSURLSession (= 3.1.0)
    - AFNetworking/Reachability (= 3.1.0)
    - AFNetworking/Security (= 3.1.0)
    - AFNetworking/Serialization (= 3.1.0)
    - AFNetworking/UIKit (= 3.1.0)
  - AFNetworking/NSURLSession (3.1.0):
    - AFNetworking/Reachability
    - AFNetworking/Security
    - AFNetworking/Serialization
  - AFNetworking/Reachability (3.1.0)
  - AFNetworking/Security (3.1.0)
  - AFNetworking/Serialization (3.1.0)
  - AFNetworking/UIKit (3.1.0):
    - AFNetworking/NSURLSession
  - ARSegmentPager (1.1.2)
  - DTCoreText (1.6.17):
    - DTFoundation/Core (~> 1.7.5)
    - DTFoundation/DTAnimatedGIF (~> 1.7.5)
    - DTFoundation/DTHTMLParser (~> 1.7.5)
    - DTFoundation/UIKit (~> 1.7.5)
  - DTFoundation/Core (1.7.10)
  - DTFoundation/DTAnimatedGIF (1.7.10)
  - DTFoundation/DTHTMLParser (1.7.10):
    - DTFoundation/Core
  - DTFoundation/UIKit (1.7.10):
    - DTFoundation/Core
  - JSQMessagesViewController (7.3.3):
    - JSQSystemSoundPlayer (~> 2.0.1)
  - JSQSystemSoundPlayer (2.0.1)
  - JTSImageViewController (1.5.1)
  - OMGHTTPURLRQ/UserAgent (3.1.2)
  - SDWebImage (3.8.1):
    - SDWebImage/Core (= 3.8.1)
  - SDWebImage/Core (3.8.1)
  - TDOAuth (1.1.2):
    - OMGHTTPURLRQ/UserAgent

DEPENDENCIES:
  - AFNetworking (~> 3.0)
  - ARSegmentPager (from `https://github.com/AugustRush/ARSegmentPager.git`)
  - DTCoreText
  - JSQMessagesViewController
  - JTSImageViewController
  - SDWebImage
  - TDOAuth

EXTERNAL SOURCES:
  ARSegmentPager:
    :git: https://github.com/AugustRush/ARSegmentPager.git

CHECKOUT OPTIONS:
  ARSegmentPager:
    :commit: e315dfe2bb75f55122b2b825282326ef5c0f4ef4
    :git: https://github.com/AugustRush/ARSegmentPager.git

SPEC CHECKSUMS:
  AFNetworking: 5e0e199f73d8626b11e79750991f5d173d1f8b67
  ARSegmentPager: daff3a6a14c71280a7494e404e658df45a38e3ae
  DTCoreText: 3ea8bba23dd2141ba18adb227a7dd33a822df1c4
  DTFoundation: 3b6b1b817d2a7fb02e7eaf2596c922a68145bd43
  JSQMessagesViewController: 0ee3f80237268192a3e8337fd0d787f1a1bf5a7a
  JSQSystemSoundPlayer: c5850e77a4363ffd374cd851154b9af93264ed8d
  JTSImageViewController: 1f8ce1cc93dab0d0af8e53badeea7528560cfec9
  OMGHTTPURLRQ: 38316b56d88125c600bcdb16df8329147da2b0ee
  SDWebImage: 35f9627a3e44b4f292a8a8ce6a531fa488239b91
  TDOAuth: f7e356e834295b83c7b5066ee72a30f128c5f722

PODFILE CHECKSUM: 42c86073e16b2d22eb507af68122c6e915f6a51c

COCOAPODS: 1.0.1
